
Microsoft Visual Studio Solution File, Format Version 12.00
# Visual Studio 14
VisualStudioVersion = 14.0.25420.1
MinimumVisualStudioVersion = 10.0.40219.1
Project("{FAE04EC0-301F-11D3-BF4B-00C04F79EFBC}") = "PitchMe.Data.Repository", "PitchMe.Data.Repository\PitchMe.Data.Repository.csproj", "{D209CD1C-8B29-4445-8A06-680B2479D514}"
EndProject
Project("{FAE04EC0-301F-11D3-BF4B-00C04F79EFBC}") = "PitchMe.Models", "Pitchme.Models\PitchMe.Models.csproj", "{47D3F851-2BAE-424B-A6D3-B6B595C1B33E}"
EndProject
Project("{FAE04EC0-301F-11D3-BF4B-00C04F79EFBC}") = "PitchMe.Services", "PitchMe.Logic\PitchMe.Services.csproj", "{ABA98C1D-4DBF-406B-8D20-752117AA9A6A}"
EndProject
Project("{FAE04EC0-301F-11D3-BF4B-00C04F79EFBC}") = "PitchMe.Tests", "PitchMe.Tests\PitchMe.Tests.csproj", "{F72A02D4-955D-4071-A4A1-4DF1F33DBAFE}"
EndProject
Project("{FAE04EC0-301F-11D3-BF4B-00C04F79EFBC}") = "PitchMe.Data", "PitchMe.Data\PitchMe.Data.csproj", "{F8E258A0-F13D-4F11-8516-C229A10DCD7D}"
EndProject
Project("{FAE04EC0-301F-11D3-BF4B-00C04F79EFBC}") = "PitchMe", "PitchMe\PitchMe.csproj", "{6D0FBA93-1021-42FF-8C7D-B660E392362C}"
EndProject
Project("{2150E333-8FDC-42A3-9474-1A3956D46DE8}") = "Core", "Core", "{C5DBA1D6-EA5F-4AB3-AC9A-EED88C7EAACA}"
EndProject
Project("{2150E333-8FDC-42A3-9474-1A3956D46DE8}") = "Infrastructure", "Infrastructure", "{A5EE4280-E8B1-463B-832A-29385B84EB44}"
EndProject
Project("{2150E333-8FDC-42A3-9474-1A3956D46DE8}") = "UI", "UI", "{61A94BCC-2A5F-41E5-956D-118A2FAD264A}"
EndProject
Project("{FAE04EC0-301F-11D3-BF4B-00C04F79EFBC}") = "PitchMe.Logger", "PitchMe.Logger\PitchMe.Logger.csproj", "{E7D0FA93-C61A-4502-BF01-BA450654F768}"
EndProject
Project("{FAE04EC0-301F-11D3-BF4B-00C04F79EFBC}") = "PitchMe.Extension", "PitchMe.Extension\PitchMe.Extension.csproj", "{60A51F9C-10ED-4E44-AB0B-55B9CFA1A6F8}"
EndProject
Project("{FAE04EC0-301F-11D3-BF4B-00C04F79EFBC}") = "PitchMe.Utilities", "PitchMe.Utilities\PitchMe.Utilities.csproj", "{74CE4CE0-8C5D-4766-9061-6B7C6A37B5E3}"
EndProject
Project("{FAE04EC0-301F-11D3-BF4B-00C04F79EFBC}") = "PitchMe.Services.Tests", "PitchMe.Services.Tests\PitchMe.Services.Tests.csproj", "{077945EA-9EF0-404E-A3AD-533B9E9613FB}"
EndProject
Project("{FAE04EC0-301F-11D3-BF4B-00C04F79EFBC}") = "PaymentApi", "PaymentApi\PaymentApi.csproj", "{3F4AC37C-268D-4DCB-B046-B4713D3284F7}"
EndProject
Global
	GlobalSection(SolutionConfigurationPlatforms) = preSolution
		Debug|Any CPU = Debug|Any CPU
		Release|Any CPU = Release|Any CPU
	EndGlobalSection
	GlobalSection(ProjectConfigurationPlatforms) = postSolution
		{D209CD1C-8B29-4445-8A06-680B2479D514}.Debug|Any CPU.ActiveCfg = Debug|Any CPU
		{D209CD1C-8B29-4445-8A06-680B2479D514}.Debug|Any CPU.Build.0 = Debug|Any CPU
		{D209CD1C-8B29-4445-8A06-680B2479D514}.Release|Any CPU.ActiveCfg = Release|Any CPU
		{D209CD1C-8B29-4445-8A06-680B2479D514}.Release|Any CPU.Build.0 = Release|Any CPU
		{47D3F851-2BAE-424B-A6D3-B6B595C1B33E}.Debug|Any CPU.ActiveCfg = Debug|Any CPU
		{47D3F851-2BAE-424B-A6D3-B6B595C1B33E}.Debug|Any CPU.Build.0 = Debug|Any CPU
		{47D3F851-2BAE-424B-A6D3-B6B595C1B33E}.Release|Any CPU.ActiveCfg = Release|Any CPU
		{47D3F851-2BAE-424B-A6D3-B6B595C1B33E}.Release|Any CPU.Build.0 = Release|Any CPU
		{ABA98C1D-4DBF-406B-8D20-752117AA9A6A}.Debug|Any CPU.ActiveCfg = Debug|Any CPU
		{ABA98C1D-4DBF-406B-8D20-752117AA9A6A}.Debug|Any CPU.Build.0 = Debug|Any CPU
		{ABA98C1D-4DBF-406B-8D20-752117AA9A6A}.Release|Any CPU.ActiveCfg = Release|Any CPU
		{ABA98C1D-4DBF-406B-8D20-752117AA9A6A}.Release|Any CPU.Build.0 = Release|Any CPU
		{F72A02D4-955D-4071-A4A1-4DF1F33DBAFE}.Debug|Any CPU.ActiveCfg = Debug|Any CPU
		{F72A02D4-955D-4071-A4A1-4DF1F33DBAFE}.Debug|Any CPU.Build.0 = Debug|Any CPU
		{F72A02D4-955D-4071-A4A1-4DF1F33DBAFE}.Release|Any CPU.ActiveCfg = Release|Any CPU
		{F72A02D4-955D-4071-A4A1-4DF1F33DBAFE}.Release|Any CPU.Build.0 = Release|Any CPU
		{F8E258A0-F13D-4F11-8516-C229A10DCD7D}.Debug|Any CPU.ActiveCfg = Debug|Any CPU
		{F8E258A0-F13D-4F11-8516-C229A10DCD7D}.Debug|Any CPU.Build.0 = Debug|Any CPU
		{F8E258A0-F13D-4F11-8516-C229A10DCD7D}.Release|Any CPU.ActiveCfg = Release|Any CPU
		{F8E258A0-F13D-4F11-8516-C229A10DCD7D}.Release|Any CPU.Build.0 = Release|Any CPU
		{6D0FBA93-1021-42FF-8C7D-B660E392362C}.Debug|Any CPU.ActiveCfg = Debug|Any CPU
		{6D0FBA93-1021-42FF-8C7D-B660E392362C}.Debug|Any CPU.Build.0 = Debug|Any CPU
		{6D0FBA93-1021-42FF-8C7D-B660E392362C}.Release|Any CPU.ActiveCfg = Release|Any CPU
		{6D0FBA93-1021-42FF-8C7D-B660E392362C}.Release|Any CPU.Build.0 = Release|Any CPU
		{E7D0FA93-C61A-4502-BF01-BA450654F768}.Debug|Any CPU.ActiveCfg = Debug|Any CPU
		{E7D0FA93-C61A-4502-BF01-BA450654F768}.Debug|Any CPU.Build.0 = Debug|Any CPU
		{E7D0FA93-C61A-4502-BF01-BA450654F768}.Release|Any CPU.ActiveCfg = Release|Any CPU
		{E7D0FA93-C61A-4502-BF01-BA450654F768}.Release|Any CPU.Build.0 = Release|Any CPU
		{60A51F9C-10ED-4E44-AB0B-55B9CFA1A6F8}.Debug|Any CPU.ActiveCfg = Debug|Any CPU
		{60A51F9C-10ED-4E44-AB0B-55B9CFA1A6F8}.Debug|Any CPU.Build.0 = Debug|Any CPU
		{60A51F9C-10ED-4E44-AB0B-55B9CFA1A6F8}.Release|Any CPU.ActiveCfg = Release|Any CPU
		{60A51F9C-10ED-4E44-AB0B-55B9CFA1A6F8}.Release|Any CPU.Build.0 = Release|Any CPU
		{74CE4CE0-8C5D-4766-9061-6B7C6A37B5E3}.Debug|Any CPU.ActiveCfg = Debug|Any CPU
		{74CE4CE0-8C5D-4766-9061-6B7C6A37B5E3}.Debug|Any CPU.Build.0 = Debug|Any CPU
		{74CE4CE0-8C5D-4766-9061-6B7C6A37B5E3}.Release|Any CPU.ActiveCfg = Release|Any CPU
		{74CE4CE0-8C5D-4766-9061-6B7C6A37B5E3}.Release|Any CPU.Build.0 = Release|Any CPU
		{077945EA-9EF0-404E-A3AD-533B9E9613FB}.Debug|Any CPU.ActiveCfg = Debug|Any CPU
		{077945EA-9EF0-404E-A3AD-533B9E9613FB}.Debug|Any CPU.Build.0 = Debug|Any CPU
		{077945EA-9EF0-404E-A3AD-533B9E9613FB}.Release|Any CPU.ActiveCfg = Release|Any CPU
		{077945EA-9EF0-404E-A3AD-533B9E9613FB}.Release|Any CPU.Build.0 = Release|Any CPU
		{3F4AC37C-268D-4DCB-B046-B4713D3284F7}.Debug|Any CPU.ActiveCfg = Debug|Any CPU
		{3F4AC37C-268D-4DCB-B046-B4713D3284F7}.Debug|Any CPU.Build.0 = Debug|Any CPU
		{3F4AC37C-268D-4DCB-B046-B4713D3284F7}.Release|Any CPU.ActiveCfg = Release|Any CPU
		{3F4AC37C-268D-4DCB-B046-B4713D3284F7}.Release|Any CPU.Build.0 = Release|Any CPU
	EndGlobalSection
	GlobalSection(SolutionProperties) = preSolution
		HideSolutionNode = FALSE
	EndGlobalSection
	GlobalSection(NestedProjects) = preSolution
		{D209CD1C-8B29-4445-8A06-680B2479D514} = {C5DBA1D6-EA5F-4AB3-AC9A-EED88C7EAACA}
		{47D3F851-2BAE-424B-A6D3-B6B595C1B33E} = {C5DBA1D6-EA5F-4AB3-AC9A-EED88C7EAACA}
		{ABA98C1D-4DBF-406B-8D20-752117AA9A6A} = {A5EE4280-E8B1-463B-832A-29385B84EB44}
		{F8E258A0-F13D-4F11-8516-C229A10DCD7D} = {A5EE4280-E8B1-463B-832A-29385B84EB44}
		{6D0FBA93-1021-42FF-8C7D-B660E392362C} = {61A94BCC-2A5F-41E5-956D-118A2FAD264A}
		{E7D0FA93-C61A-4502-BF01-BA450654F768} = {A5EE4280-E8B1-463B-832A-29385B84EB44}
		{60A51F9C-10ED-4E44-AB0B-55B9CFA1A6F8} = {A5EE4280-E8B1-463B-832A-29385B84EB44}
		{74CE4CE0-8C5D-4766-9061-6B7C6A37B5E3} = {A5EE4280-E8B1-463B-832A-29385B84EB44}
	EndGlobalSection
EndGlobal
